
Microsoft Visual Studio Solution File, Format Version 12.00
# Visual Studio Version 17
VisualStudioVersion = 17.4.33213.308
MinimumVisualStudioVersion = 10.0.40219.1
Project("{9A19103F-16F7-4668-BE54-9A1E7A4F7556}") = "ReadingSyllables", "ReadingSyllables\ReadingSyllables.csproj", "{B1940FB9-AD29-45A7-910D-ABD5BC41726E}"
EndProject
Project("{888888A0-9F3D-457C-B088-3A5042F75D52}") = "CalcSyllablesProbablilties", "CalcSyllablesProbablilties\CalcSyllablesProbablilties.pyproj", "{4F56ACEA-541E-4BF5-B1D5-95057F58E2B3}"
EndProject
Project("{2150E333-8FDC-42A3-9474-1A3956D46DE8}") = "Solution Items", "Solution Items", "{8D2E008F-F3D9-440E-8310-5668D458F6A0}"
	ProjectSection(SolutionItems) = preProject
		LICENSE.txt = LICENSE.txt
		README.md = README.md
		CalcSyllablesProbablilties\syllables_rating.json = CalcSyllablesProbablilties\syllables_rating.json
		CalcSyllablesProbablilties\words_rating.json = CalcSyllablesProbablilties\words_rating.json
	EndProjectSection
EndProject
Global
	GlobalSection(SolutionConfigurationPlatforms) = preSolution
		Debug|Any CPU = Debug|Any CPU
		Release|Any CPU = Release|Any CPU
	EndGlobalSection
	GlobalSection(ProjectConfigurationPlatforms) = postSolution
		{B1940FB9-AD29-45A7-910D-ABD5BC41726E}.Debug|Any CPU.ActiveCfg = Debug|Any CPU
		{B1940FB9-AD29-45A7-910D-ABD5BC41726E}.Debug|Any CPU.Build.0 = Debug|Any CPU
		{B1940FB9-AD29-45A7-910D-ABD5BC41726E}.Release|Any CPU.ActiveCfg = Release|Any CPU
		{B1940FB9-AD29-45A7-910D-ABD5BC41726E}.Release|Any CPU.Build.0 = Release|Any CPU
		{4F56ACEA-541E-4BF5-B1D5-95057F58E2B3}.Debug|Any CPU.ActiveCfg = Debug|Any CPU
		{4F56ACEA-541E-4BF5-B1D5-95057F58E2B3}.Release|Any CPU.ActiveCfg = Release|Any CPU
	EndGlobalSection
	GlobalSection(SolutionProperties) = preSolution
		HideSolutionNode = FALSE
	EndGlobalSection
	GlobalSection(ExtensibilityGlobals) = postSolution
		SolutionGuid = {9B6555DB-F9C6-4CC4-8CBA-D58840E468DA}
	EndGlobalSection
EndGlobal
